
Microsoft Visual Studio Solution File, Format Version 12.00
# Visual Studio Version 16
VisualStudioVersion = 16.0.29728.190
MinimumVisualStudioVersion = 10.0.40219.1
Project("{2150E333-8FDC-42A3-9474-1A3956D46DE8}") = "Item", "Item", "{421DA39D-F64E-439C-8BE6-3D4394B6E760}"
EndProject
Project("{2150E333-8FDC-42A3-9474-1A3956D46DE8}") = "Src", "Src", "{4BDCB89A-A035-406C-9F47-C011F8819AB0}"
EndProject
Project("{2150E333-8FDC-42A3-9474-1A3956D46DE8}") = "DAL", "DAL", "{2FA46DA7-2580-4BEC-9C4B-7ED97185AD77}"
EndProject
Project("{2150E333-8FDC-42A3-9474-1A3956D46DE8}") = "Presentation", "Presentation", "{D9A0ADB6-150D-46ED-90F0-DB266A71E9BE}"
EndProject
Project("{9A19103F-16F7-4668-BE54-9A1E7A4F7556}") = "Nothing.Web", "Nothing.Web\Nothing.Web.csproj", "{C4DDC724-4320-414B-BBAD-4E88FA58E713}"
EndProject
Project("{FAE04EC0-301F-11D3-BF4B-00C04F79EFBC}") = "Nothing.Common", "Nothing.Common\Nothing.Common.csproj", "{7D82DCB4-C3E6-4928-BC6F-4E76040591BA}"
EndProject
Project("{FAE04EC0-301F-11D3-BF4B-00C04F79EFBC}") = "Nothing.Application", "Nothing.Application\Nothing.Application.csproj", "{A0039A35-F3CC-4AF2-A72A-7955F39FCD09}"
EndProject
Project("{FAE04EC0-301F-11D3-BF4B-00C04F79EFBC}") = "Nothing.Model", "Nothing.Model\Nothing.Model.csproj", "{3922FFB9-C377-4BE9-BB25-D1F301274A1F}"
EndProject
Global
	GlobalSection(SolutionConfigurationPlatforms) = preSolution
		Debug|Any CPU = Debug|Any CPU
		Release|Any CPU = Release|Any CPU
	EndGlobalSection
	GlobalSection(ProjectConfigurationPlatforms) = postSolution
		{C4DDC724-4320-414B-BBAD-4E88FA58E713}.Debug|Any CPU.ActiveCfg = Debug|Any CPU
		{C4DDC724-4320-414B-BBAD-4E88FA58E713}.Debug|Any CPU.Build.0 = Debug|Any CPU
		{C4DDC724-4320-414B-BBAD-4E88FA58E713}.Release|Any CPU.ActiveCfg = Release|Any CPU
		{C4DDC724-4320-414B-BBAD-4E88FA58E713}.Release|Any CPU.Build.0 = Release|Any CPU
		{7D82DCB4-C3E6-4928-BC6F-4E76040591BA}.Debug|Any CPU.ActiveCfg = Debug|Any CPU
		{7D82DCB4-C3E6-4928-BC6F-4E76040591BA}.Debug|Any CPU.Build.0 = Debug|Any CPU
		{7D82DCB4-C3E6-4928-BC6F-4E76040591BA}.Release|Any CPU.ActiveCfg = Release|Any CPU
		{7D82DCB4-C3E6-4928-BC6F-4E76040591BA}.Release|Any CPU.Build.0 = Release|Any CPU
		{A0039A35-F3CC-4AF2-A72A-7955F39FCD09}.Debug|Any CPU.ActiveCfg = Debug|Any CPU
		{A0039A35-F3CC-4AF2-A72A-7955F39FCD09}.Debug|Any CPU.Build.0 = Debug|Any CPU
		{A0039A35-F3CC-4AF2-A72A-7955F39FCD09}.Release|Any CPU.ActiveCfg = Release|Any CPU
		{A0039A35-F3CC-4AF2-A72A-7955F39FCD09}.Release|Any CPU.Build.0 = Release|Any CPU
		{3922FFB9-C377-4BE9-BB25-D1F301274A1F}.Debug|Any CPU.ActiveCfg = Debug|Any CPU
		{3922FFB9-C377-4BE9-BB25-D1F301274A1F}.Debug|Any CPU.Build.0 = Debug|Any CPU
		{3922FFB9-C377-4BE9-BB25-D1F301274A1F}.Release|Any CPU.ActiveCfg = Release|Any CPU
		{3922FFB9-C377-4BE9-BB25-D1F301274A1F}.Release|Any CPU.Build.0 = Release|Any CPU
	EndGlobalSection
	GlobalSection(SolutionProperties) = preSolution
		HideSolutionNode = FALSE
	EndGlobalSection
	GlobalSection(NestedProjects) = preSolution
		{2FA46DA7-2580-4BEC-9C4B-7ED97185AD77} = {4BDCB89A-A035-406C-9F47-C011F8819AB0}
		{D9A0ADB6-150D-46ED-90F0-DB266A71E9BE} = {4BDCB89A-A035-406C-9F47-C011F8819AB0}
		{C4DDC724-4320-414B-BBAD-4E88FA58E713} = {D9A0ADB6-150D-46ED-90F0-DB266A71E9BE}
		{7D82DCB4-C3E6-4928-BC6F-4E76040591BA} = {2FA46DA7-2580-4BEC-9C4B-7ED97185AD77}
		{A0039A35-F3CC-4AF2-A72A-7955F39FCD09} = {2FA46DA7-2580-4BEC-9C4B-7ED97185AD77}
		{3922FFB9-C377-4BE9-BB25-D1F301274A1F} = {2FA46DA7-2580-4BEC-9C4B-7ED97185AD77}
	EndGlobalSection
	GlobalSection(ExtensibilityGlobals) = postSolution
		SolutionGuid = {364BF9E1-00AF-445F-A140-84E926E7E106}
	EndGlobalSection
EndGlobal
